
Microsoft Visual Studio Solution File, Format Version 12.00
# Visual Studio 14
VisualStudioVersion = 14.0.23107.0
MinimumVisualStudioVersion = 10.0.40219.1
Project("{F088123C-0E9E-452A-89E6-6BA2F21D5CAC}") = "FilmVisningsSystem", "FilmVisningsSystem\FilmVisningsSystem.modelproj", "{44928B5E-052B-4A24-93C0-4A71C1609A4E}"
EndProject
Project("{FAE04EC0-301F-11D3-BF4B-00C04F79EFBC}") = "FilmVisningsSystemTests", "FilmVisningsSystemTests\FilmVisningsSystemTests.csproj", "{D5B4AF1C-E0D5-45F0-8C3D-5DBA33F6D1B2}"
EndProject
Project("{FAE04EC0-301F-11D3-BF4B-00C04F79EFBC}") = "FilmVisningsSystemLib", "FilmVisningsSystemLib\FilmVisningsSystemLib.csproj", "{4CD4AB8C-BE63-4411-AFE7-43434B07B2C3}"
EndProject
Global
	GlobalSection(SolutionConfigurationPlatforms) = preSolution
		Debug|Any CPU = Debug|Any CPU
		Release|Any CPU = Release|Any CPU
	EndGlobalSection
	GlobalSection(ProjectConfigurationPlatforms) = postSolution
		{44928B5E-052B-4A24-93C0-4A71C1609A4E}.Debug|Any CPU.ActiveCfg = Debug|Any CPU
		{44928B5E-052B-4A24-93C0-4A71C1609A4E}.Debug|Any CPU.Build.0 = Debug|Any CPU
		{44928B5E-052B-4A24-93C0-4A71C1609A4E}.Release|Any CPU.ActiveCfg = Release|Any CPU
		{44928B5E-052B-4A24-93C0-4A71C1609A4E}.Release|Any CPU.Build.0 = Release|Any CPU
		{D5B4AF1C-E0D5-45F0-8C3D-5DBA33F6D1B2}.Debug|Any CPU.ActiveCfg = Debug|Any CPU
		{D5B4AF1C-E0D5-45F0-8C3D-5DBA33F6D1B2}.Debug|Any CPU.Build.0 = Debug|Any CPU
		{D5B4AF1C-E0D5-45F0-8C3D-5DBA33F6D1B2}.Release|Any CPU.ActiveCfg = Release|Any CPU
		{D5B4AF1C-E0D5-45F0-8C3D-5DBA33F6D1B2}.Release|Any CPU.Build.0 = Release|Any CPU
		{4CD4AB8C-BE63-4411-AFE7-43434B07B2C3}.Debug|Any CPU.ActiveCfg = Debug|Any CPU
		{4CD4AB8C-BE63-4411-AFE7-43434B07B2C3}.Debug|Any CPU.Build.0 = Debug|Any CPU
		{4CD4AB8C-BE63-4411-AFE7-43434B07B2C3}.Release|Any CPU.ActiveCfg = Release|Any CPU
		{4CD4AB8C-BE63-4411-AFE7-43434B07B2C3}.Release|Any CPU.Build.0 = Release|Any CPU
	EndGlobalSection
	GlobalSection(SolutionProperties) = preSolution
		HideSolutionNode = FALSE
	EndGlobalSection
EndGlobal
